
Microsoft Visual Studio Solution File, Format Version 12.00
# Visual Studio 15
Project("{FAE04EC0-301F-11D3-BF4B-00C04F79EFBC}") = "3dshooter", "Assembly-CSharp.csproj", "{604E694D-2E56-E06C-6DC7-3CAB53D29795}"
EndProject
Project("{FAE04EC0-301F-11D3-BF4B-00C04F79EFBC}") = "3dshooter", "Assembly-CSharp-firstpass.csproj", "{E700EAE0-6BB6-E94A-4AC3-F1528988413E}"
EndProject
Project("{FAE04EC0-301F-11D3-BF4B-00C04F79EFBC}") = "3dshooter", "Assembly-CSharp-Editor.csproj", "{9F8378B6-3AA9-B759-366A-D0ABDFA7EFC8}"
EndProject
Project("{FAE04EC0-301F-11D3-BF4B-00C04F79EFBC}") = "3dshooter", "Assembly-CSharp-Editor-firstpass.csproj", "{6F00AAB4-6A7E-311D-8216-31FDA6092658}"
EndProject
Global
	GlobalSection(SolutionConfigurationPlatforms) = preSolution
		Debug|Any CPU = Debug|Any CPU
		Release|Any CPU = Release|Any CPU
	EndGlobalSection
	GlobalSection(ProjectConfigurationPlatforms) = postSolution
		{604E694D-2E56-E06C-6DC7-3CAB53D29795}.Debug|Any CPU.ActiveCfg = Debug|Any CPU
		{604E694D-2E56-E06C-6DC7-3CAB53D29795}.Debug|Any CPU.Build.0 = Debug|Any CPU
		{604E694D-2E56-E06C-6DC7-3CAB53D29795}.Release|Any CPU.ActiveCfg = Release|Any CPU
		{604E694D-2E56-E06C-6DC7-3CAB53D29795}.Release|Any CPU.Build.0 = Release|Any CPU
		{E700EAE0-6BB6-E94A-4AC3-F1528988413E}.Debug|Any CPU.ActiveCfg = Debug|Any CPU
		{E700EAE0-6BB6-E94A-4AC3-F1528988413E}.Debug|Any CPU.Build.0 = Debug|Any CPU
		{E700EAE0-6BB6-E94A-4AC3-F1528988413E}.Release|Any CPU.ActiveCfg = Release|Any CPU
		{E700EAE0-6BB6-E94A-4AC3-F1528988413E}.Release|Any CPU.Build.0 = Release|Any CPU
		{9F8378B6-3AA9-B759-366A-D0ABDFA7EFC8}.Debug|Any CPU.ActiveCfg = Debug|Any CPU
		{9F8378B6-3AA9-B759-366A-D0ABDFA7EFC8}.Debug|Any CPU.Build.0 = Debug|Any CPU
		{9F8378B6-3AA9-B759-366A-D0ABDFA7EFC8}.Release|Any CPU.ActiveCfg = Release|Any CPU
		{9F8378B6-3AA9-B759-366A-D0ABDFA7EFC8}.Release|Any CPU.Build.0 = Release|Any CPU
		{6F00AAB4-6A7E-311D-8216-31FDA6092658}.Debug|Any CPU.ActiveCfg = Debug|Any CPU
		{6F00AAB4-6A7E-311D-8216-31FDA6092658}.Debug|Any CPU.Build.0 = Debug|Any CPU
		{6F00AAB4-6A7E-311D-8216-31FDA6092658}.Release|Any CPU.ActiveCfg = Release|Any CPU
		{6F00AAB4-6A7E-311D-8216-31FDA6092658}.Release|Any CPU.Build.0 = Release|Any CPU
	EndGlobalSection
	GlobalSection(SolutionProperties) = preSolution
		HideSolutionNode = FALSE
	EndGlobalSection
EndGlobal
